{
  "name": "node-demo",
  "lockfileVersion": 3,
  "requires": true,
  "packages": {
    "": {
      "name": "node-demo",
      "dependencies": {
        "data-of-loathing": "file:../../packages/client"
      }
    },
    "../../packages/client": {
      "name": "data-of-loathing",
      "version": "3.0.5",
      "dependencies": {
        "@mikro-orm/core": "^7.0.14",
        "@mikro-orm/sql": "^7.0.14",
        "@sqlite.org/sqlite-wasm": "~3.51.2-build9"
      },
      "devDependencies": {
        "@types/node": "^25.0.2",
        "typescript": "^5.9.3",
        "vite": "^6.0.0"
      },
      "peerDependencies": {
        "vite": ">=5.0.0"
      },
      "peerDependenciesMeta": {
        "vite": {
          "optional": true
        }
      }
    },
    "node_modules/data-of-loathing": {
      "resolved": "../../packages/client",
      "link": true
    }
  }
}
