{
  "name": "node-demo",
  "lockfileVersion": 3,
  "requires": true,
  "packages": {
    "": {
      "name": "node-demo",
      "dependencies": {
        "data-of-loathing": "file:../../packages/client"
      }
    },
    "../../packages/client": {
      "name": "data-of-loathing",
      "version": "3.0.0",
      "dependencies": {
        "@mikro-orm/core": "^7.0.14",
        "@mikro-orm/sql": "^7.0.14",
        "data-of-loathing-schema": "workspace:*",
        "zod": "^4.4.3"
      },
      "devDependencies": {
        "@sqlite.org/sqlite-wasm": "^3.53.0-build1",
        "@types/node": "^25.0.2",
        "esbuild": "^0.28.0",
        "sqlocal": "^0.18.0",
        "typescript": "^5.9.3"
      },
      "peerDependencies": {
        "@sqlite.org/sqlite-wasm": "^3.53.0-build1",
        "sqlocal": "^0.18.0"
      },
      "peerDependenciesMeta": {
        "@sqlite.org/sqlite-wasm": {
          "optional": true
        },
        "sqlocal": {
          "optional": true
        }
      }
    },
    "node_modules/data-of-loathing": {
      "resolved": "../../packages/client",
      "link": true
    }
  }
}
